
Microsoft Visual Studio Solution File, Format Version 12.00
# Visual Studio Version 17
VisualStudioVersion = 17.14.36804.6 d17.14
MinimumVisualStudioVersion = 10.0.40219.1
Project("{FAE04EC0-301F-11D3-BF4B-00C04F79EFBC}") = "Snake", "Snake\Snake.csproj", "{81BEE2A4-E369-4E6C-A224-8A79874A04A4}"
EndProject
Global
	GlobalSection(SolutionConfigurationPlatforms) = preSolution
		Debug|Any CPU = Debug|Any CPU
		Release|Any CPU = Release|Any CPU
	EndGlobalSection
	GlobalSection(ProjectConfigurationPlatforms) = postSolution
		{81BEE2A4-E369-4E6C-A224-8A79874A04A4}.Debug|Any CPU.ActiveCfg = Debug|Any CPU
		{81BEE2A4-E369-4E6C-A224-8A79874A04A4}.Debug|Any CPU.Build.0 = Debug|Any CPU
		{81BEE2A4-E369-4E6C-A224-8A79874A04A4}.Release|Any CPU.ActiveCfg = Release|Any CPU
		{81BEE2A4-E369-4E6C-A224-8A79874A04A4}.Release|Any CPU.Build.0 = Release|Any CPU
	EndGlobalSection
	GlobalSection(SolutionProperties) = preSolution
		HideSolutionNode = FALSE
	EndGlobalSection
	GlobalSection(ExtensibilityGlobals) = postSolution
		SolutionGuid = {5E8EC32D-5FE7-4FAE-894D-954515BEEF9B}
	EndGlobalSection
EndGlobal
